
Microsoft Visual Studio Solution File, Format Version 12.00
# Visual Studio 15
VisualStudioVersion = 15.0.27428.2015
MinimumVisualStudioVersion = 10.0.40219.1
Project("{FAE04EC0-301F-11D3-BF4B-00C04F79EFBC}") = "mo_lab6_new", "mo_lab6_new\mo_lab6_new.csproj", "{9FF44D56-EB1E-4E14-AE94-1B9B88D24299}"
EndProject
Global
	GlobalSection(SolutionConfigurationPlatforms) = preSolution
		Debug|Any CPU = Debug|Any CPU
		Release|Any CPU = Release|Any CPU
	EndGlobalSection
	GlobalSection(ProjectConfigurationPlatforms) = postSolution
		{9FF44D56-EB1E-4E14-AE94-1B9B88D24299}.Debug|Any CPU.ActiveCfg = Debug|Any CPU
		{9FF44D56-EB1E-4E14-AE94-1B9B88D24299}.Debug|Any CPU.Build.0 = Debug|Any CPU
		{9FF44D56-EB1E-4E14-AE94-1B9B88D24299}.Release|Any CPU.ActiveCfg = Release|Any CPU
		{9FF44D56-EB1E-4E14-AE94-1B9B88D24299}.Release|Any CPU.Build.0 = Release|Any CPU
	EndGlobalSection
	GlobalSection(SolutionProperties) = preSolution
		HideSolutionNode = FALSE
	EndGlobalSection
	GlobalSection(ExtensibilityGlobals) = postSolution
		SolutionGuid = {14957771-621A-48D3-98B7-0C980D9C8FCD}
	EndGlobalSection
EndGlobal
